{
  "lockfileVersion": 1,
  "workspaces": {
    "": {
      "name": "medium",
      "dependencies": {
        "zod": "^3.25.63",
      },
    },
  },
  "packages": {
    "zod": ["zod@3.25.63", "", {}, "sha512-3ttCkqhtpncYXfP0f6dsyabbYV/nEUW+Xlu89jiXbTBifUfjaSqXOG6JnQPLtqt87n7KAmnMqcjay6c0Wq0Vbw=="],
  }
}
